// !$*UTF8*$!
{
	archiveVersion = 1;
	classes = {
	};
	objectVersion = 56;
	objects = {

/* Begin PBXBuildFile section */
		F712A843296D92A700C907BC /* AppDelegate.swift in Sources */ = {isa = PBXBuildFile; fileRef = F712A842296D92A700C907BC /* AppDelegate.swift */; };
		F712A845296D92A700C907BC /* SceneDelegate.swift in Sources */ = {isa = PBXBuildFile; fileRef = F712A844296D92A700C907BC /* SceneDelegate.swift */; };
		F712A847296D92A700C907BC /* ViewController.swift in Sources */ = {isa = PBXBuildFile; fileRef = F712A846296D92A700C907BC /* ViewController.swift */; };
		F712A84A296D92A700C907BC /* Main.storyboard in Resources */ = {isa = PBXBuildFile; fileRef = F712A848296D92A700C907BC /* Main.storyboard */; };
		F712A84C296D92A800C907BC /* Assets.xcassets in Resources */ = {isa = PBXBuildFile; fileRef = F712A84B296D92A800C907BC /* Assets.xcassets */; };
		F712A84F296D92A800C907BC /* LaunchScreen.storyboard in Resources */ = {isa = PBXBuildFile; fileRef = F712A84D296D92A800C907BC /* LaunchScreen.storyboard */; };
		F72BEE0229733B24006E8223 /* SecondScreen.swift in Sources */ = {isa = PBXBuildFile; fileRef = F72BEE0129733B24006E8223 /* SecondScreen.swift */; };
		F72BEE0429733B5E006E8223 /* ResultProgram.swift in Sources */ = {isa = PBXBuildFile; fileRef = F72BEE0329733B5E006E8223 /* ResultProgram.swift */; };
/* End PBXBuildFile section */

/* Begin PBXFileReference section */
		F712A83F296D92A700C907BC /* Animal game.app */ = {isa = PBXFileReference; explicitFileType = wrapper.application; includeInIndex = 0; path = "Animal game.app"; sourceTree = BUILT_PRODUCTS_DIR; };
		F712A842296D92A700C907BC /* AppDelegate.swift */ = {isa = PBXFileReference; lastKnownFileType = sourcecode.swift; path = AppDelegate.swift; sourceTree = "<group>"; };
		F712A844296D92A700C907BC /* SceneDelegate.swift */ = {isa = PBXFileReference; lastKnownFileType = sourcecode.swift; path = SceneDelegate.swift; sourceTree = "<group>"; };
		F712A846296D92A700C907BC /* ViewController.swift */ = {isa = PBXFileReference; lastKnownFileType = sourcecode.swift; path = ViewController.swift; sourceTree = "<group>"; wrapsLines = 1; };
		F712A849296D92A700C907BC /* Base */ = {isa = PBXFileReference; lastKnownFileType = file.storyboard; name = Base; path = Base.lproj/Main.storyboard; sourceTree = "<group>"; };
		F712A84B296D92A800C907BC /* Assets.xcassets */ = {isa = PBXFileReference; lastKnownFileType = folder.assetcatalog; path = Assets.xcassets; sourceTree = "<group>"; };
		F712A84E296D92A800C907BC /* Base */ = {isa = PBXFileReference; lastKnownFileType = file.storyboard; name = Base; path = Base.lproj/LaunchScreen.storyboard; sourceTree = "<group>"; };
		F712A850296D92A800C907BC /* Info.plist */ = {isa = PBXFileReference; lastKnownFileType = text.plist.xml; path = Info.plist; sourceTree = "<group>"; };
		F72BEE0129733B24006E8223 /* SecondScreen.swift */ = {isa = PBXFileReference; lastKnownFileType = sourcecode.swift; path = SecondScreen.swift; sourceTree = "<group>"; };
		F72BEE0329733B5E006E8223 /* ResultProgram.swift */ = {isa = PBXFileReference; lastKnownFileType = sourcecode.swift; path = ResultProgram.swift; sourceTree = "<group>"; };
/* End PBXFileReference section */

/* Begin PBXFrameworksBuildPhase section */
		F712A83C296D92A700C907BC /* Frameworks */ = {
			isa = PBXFrameworksBuildPhase;
			buildActionMask = 2147483647;
			files = (
			);
			runOnlyForDeploymentPostprocessing = 0;
		};
/* End PBXFrameworksBuildPhase section */

/* Begin PBXGroup section */
		F712A836296D92A600C907BC = {
			isa = PBXGroup;
			children = (
				F78A1172296EFB5400412A1A /* Animal Game */,
				F712A840296D92A700C907BC /* Products */,
			);
			sourceTree = "<group>";
		};
		F712A840296D92A700C907BC /* Products */ = {
			isa = PBXGroup;
			children = (
				F712A83F296D92A700C907BC /* Animal game.app */,
			);
			name = Products;
			sourceTree = "<group>";
		};
		F712A841296D92A700C907BC /* Storyboards */ = {
			isa = PBXGroup;
			children = (
				F712A848296D92A700C907BC /* Main.storyboard */,
				F712A84D296D92A800C907BC /* LaunchScreen.storyboard */,
			);
			path = Storyboards;
			sourceTree = "<group>";
		};
		F78A1166296EFA4100412A1A /* Resources */ = {
			isa = PBXGroup;
			children = (
				F712A84B296D92A800C907BC /* Assets.xcassets */,
			);
			path = Resources;
			sourceTree = "<group>";
		};
		F78A116C296EFAA700412A1A /* View Controllers */ = {
			isa = PBXGroup;
			children = (
				F712A846296D92A700C907BC /* ViewController.swift */,
				F72BEE0129733B24006E8223 /* SecondScreen.swift */,
				F72BEE0329733B5E006E8223 /* ResultProgram.swift */,
			);
			path = "View Controllers";
			sourceTree = "<group>";
		};
		F78A1171296EFB0D00412A1A /* Supporting Files */ = {
			isa = PBXGroup;
			children = (
				F712A844296D92A700C907BC /* SceneDelegate.swift */,
				F712A842296D92A700C907BC /* AppDelegate.swift */,
				F712A850296D92A800C907BC /* Info.plist */,
			);
			path = "Supporting Files";
			sourceTree = "<group>";
		};
		F78A1172296EFB5400412A1A /* Animal Game */ = {
			isa = PBXGroup;
			children = (
				F78A1166296EFA4100412A1A /* Resources */,
				F78A116C296EFAA700412A1A /* View Controllers */,
				F78A1171296EFB0D00412A1A /* Supporting Files */,
				F712A841296D92A700C907BC /* Storyboards */,
			);
			path = "Animal Game";
			sourceTree = "<group>";
		};
/* End PBXGroup section */

/* Begin PBXNativeTarget section */
		F712A83E296D92A700C907BC /* Animal game */ = {
			isa = PBXNativeTarget;
			buildConfigurationList = F712A853296D92A800C907BC /* Build configuration list for PBXNativeTarget "Animal game" */;
			buildPhases = (
				F712A83B296D92A700C907BC /* Sources */,
				F712A83C296D92A700C907BC /* Frameworks */,
				F712A83D296D92A700C907BC /* Resources */,
			);
			buildRules = (
			);
			dependencies = (
			);
			name = "Animal game";
			productName = "Animal game";
			productReference = F712A83F296D92A700C907BC /* Animal game.app */;
			productType = "com.apple.product-type.application";
		};
/* End PBXNativeTarget section */

/* Begin PBXProject section */
		F712A837296D92A700C907BC /* Project object */ = {
			isa = PBXProject;
			attributes = {
				BuildIndependentTargetsInParallel = 1;
				LastSwiftUpdateCheck = 1420;
				LastUpgradeCheck = 1420;
				TargetAttributes = {
					F712A83E296D92A700C907BC = {
						CreatedOnToolsVersion = 14.2;
					};
				};
			};
			buildConfigurationList = F712A83A296D92A700C907BC /* Build configuration list for PBXProject "Animal game" */;
			compatibilityVersion = "Xcode 14.0";
			developmentRegion = en;
			hasScannedForEncodings = 0;
			knownRegions = (
				en,
				Base,
			);
			mainGroup = F712A836296D92A600C907BC;
			productRefGroup = F712A840296D92A700C907BC /* Products */;
			projectDirPath = "";
			projectRoot = "";
			targets = (
				F712A83E296D92A700C907BC /* Animal game */,
			);
		};
/* End PBXProject section */

/* Begin PBXResourcesBuildPhase section */
		F712A83D296D92A700C907BC /* Resources */ = {
			isa = PBXResourcesBuildPhase;
			buildActionMask = 2147483647;
			files = (
				F712A84F296D92A800C907BC /* LaunchScreen.storyboard in Resources */,
				F712A84C296D92A800C907BC /* Assets.xcassets in Resources */,
				F712A84A296D92A700C907BC /* Main.storyboard in Resources */,
			);
			runOnlyForDeploymentPostprocessing = 0;
		};
/* End PBXResourcesBuildPhase section */

/* Begin PBXSourcesBuildPhase section */
		F712A83B296D92A700C907BC /* Sources */ = {
			isa = PBXSourcesBuildPhase;
			buildActionMask = 2147483647;
			files = (
				F712A847296D92A700C907BC /* ViewController.swift in Sources */,
				F72BEE0229733B24006E8223 /* SecondScreen.swift in Sources */,
				F712A843296D92A700C907BC /* AppDelegate.swift in Sources */,
				F72BEE0429733B5E006E8223 /* ResultProgram.swift in Sources */,
				F712A845296D92A700C907BC /* SceneDelegate.swift in Sources */,
			);
			runOnlyForDeploymentPostprocessing = 0;
		};
/* End PBXSourcesBuildPhase section */

/* Begin PBXVariantGroup section */
		F712A848296D92A700C907BC /* Main.storyboard */ = {
			isa = PBXVariantGroup;
			children = (
				F712A849296D92A700C907BC /* Base */,
			);
			name = Main.storyboard;
			sourceTree = "<group>";
		};
		F712A84D296D92A800C907BC /* LaunchScreen.storyboard */ = {
			isa = PBXVariantGroup;
			children = (
				F712A84E296D92A800C907BC /* Base */,
			);
			name = LaunchScreen.storyboard;
			sourceTree = "<group>";
		};
/* End PBXVariantGroup section */

/* Begin XCBuildConfiguration section */
		F712A851296D92A800C907BC /* Debug */ = {
			isa = XCBuildConfiguration;
			buildSettings = {
				ALWAYS_SEARCH_USER_PATHS = NO;
				CLANG_ANALYZER_NONNULL = YES;
				CLANG_ANALYZER_NUMBER_OBJECT_CONVERSION = YES_AGGRESSIVE;
				CLANG_CXX_LANGUAGE_STANDARD = "gnu++20";
				CLANG_ENABLE_MODULES = YES;
				CLANG_ENABLE_OBJC_ARC = YES;
				CLANG_ENABLE_OBJC_WEAK = YES;
				CLANG_WARN_BLOCK_CAPTURE_AUTORELEASING = YES;
				CLANG_WARN_BOOL_CONVERSION = YES;
				CLANG_WARN_COMMA = YES;
				CLANG_WARN_CONSTANT_CONVERSION = YES;
				CLANG_WARN_DEPRECATED_OBJC_IMPLEMENTATIONS = YES;
				CLANG_WARN_DIRECT_OBJC_ISA_USAGE = YES_ERROR;
				CLANG_WARN_DOCUMENTATION_COMMENTS = YES;
				CLANG_WARN_EMPTY_BODY = YES;
				CLANG_WARN_ENUM_CONVERSION = YES;
				CLANG_WARN_INFINITE_RECURSION = YES;
				CLANG_WARN_INT_CONVERSION = YES;
				CLANG_WARN_NON_LITERAL_NULL_CONVERSION = YES;
				CLANG_WARN_OBJC_IMPLICIT_RETAIN_SELF = YES;
				CLANG_WARN_OBJC_LITERAL_CONVERSION = YES;
				CLANG_WARN_OBJC_ROOT_CLASS = YES_ERROR;
				CLANG_WARN_QUOTED_INCLUDE_IN_FRAMEWORK_HEADER = YES;
				CLANG_WARN_RANGE_LOOP_ANALYSIS = YES;
				CLANG_WARN_STRICT_PROTOTYPES = YES;
				CLANG_WARN_SUSPICIOUS_MOVE = YES;
				CLANG_WARN_UNGUARDED_AVAILABILITY = YES_AGGRESSIVE;
				CLANG_WARN_UNREACHABLE_CODE = YES;
				CLANG_WARN__DUPLICATE_METHOD_MATCH = YES;
				COPY_PHASE_STRIP = NO;
				DEBUG_INFORMATION_FORMAT = dwarf;
				ENABLE_STRICT_OBJC_MSGSEND = YES;
				ENABLE_TESTABILITY = YES;
				GCC_C_LANGUAGE_STANDARD = gnu11;
				GCC_DYNAMIC_NO_PIC = NO;
				GCC_NO_COMMON_BLOCKS = YES;
				GCC_OPTIMIZATION_LEVEL = 0;
				GCC_PREPROCESSOR_DEFINITIONS = (
					"DEBUG=1",
					"$(inherited)",
				);
				GCC_WARN_64_TO_32_BIT_CONVERSION = YES;
				GCC_WARN_ABOUT_RETURN_TYPE = YES_ERROR;
				GCC_WARN_UNDECLARED_SELECTOR = YES;
				GCC_WARN_UNINITIALIZED_AUTOS = YES_AGGRESSIVE;
				GCC_WARN_UNUSED_FUNCTION = YES;
				GCC_WARN_UNUSED_VARIABLE = YES;
				IPHONEOS_DEPLOYMENT_TARGET = 16.2;
				MTL_ENABLE_DEBUG_INFO = INCLUDE_SOURCE;
				MTL_FAST_MATH = YES;
				ONLY_ACTIVE_ARCH = YES;
				SDKROOT = iphoneos;
				SWIFT_ACTIVE_COMPILATION_CONDITIONS = DEBUG;
				SWIFT_OPTIMIZATION_LEVEL = "-Onone";
			};
			name = Debug;
		};
		F712A852296D92A800C907BC /* Release */ = {
			isa = XCBuildConfiguration;
			buildSettings = {
				ALWAYS_SEARCH_USER_PATHS = NO;
				CLANG_ANALYZER_NONNULL = YES;
				CLANG_ANALYZER_NUMBER_OBJECT_CONVERSION = YES_AGGRESSIVE;
				CLANG_CXX_LANGUAGE_STANDARD = "gnu++20";
				CLANG_ENABLE_MODULES = YES;
				CLANG_ENABLE_OBJC_ARC = YES;
				CLANG_ENABLE_OBJC_WEAK = YES;
				CLANG_WARN_BLOCK_CAPTURE_AUTORELEASING = YES;
				CLANG_WARN_BOOL_CONVERSION = YES;
				CLANG_WARN_COMMA = YES;
				CLANG_WARN_CONSTANT_CONVERSION = YES;
				CLANG_WARN_DEPRECATED_OBJC_IMPLEMENTATIONS = YES;
				CLANG_WARN_DIRECT_OBJC_ISA_USAGE = YES_ERROR;
				CLANG_WARN_DOCUMENTATION_COMMENTS = YES;
				CLANG_WARN_EMPTY_BODY = YES;
				CLANG_WARN_ENUM_CONVERSION = YES;
				CLANG_WARN_INFINITE_RECURSION = YES;
				CLANG_WARN_INT_CONVERSION = YES;
				CLANG_WARN_NON_LITERAL_NULL_CONVERSION = YES;
				CLANG_WARN_OBJC_IMPLICIT_RETAIN_SELF = YES;
				CLANG_WARN_OBJC_LITERAL_CONVERSION = YES;
				CLANG_WARN_OBJC_ROOT_CLASS = YES_ERROR;
				CLANG_WARN_QUOTED_INCLUDE_IN_FRAMEWORK_HEADER = YES;
				CLANG_WARN_RANGE_LOOP_ANALYSIS = YES;
				CLANG_WARN_STRICT_PROTOTYPES = YES;
				CLANG_WARN_SUSPICIOUS_MOVE = YES;
				CLANG_WARN_UNGUARDED_AVAILABILITY = YES_AGGRESSIVE;
				CLANG_WARN_UNREACHABLE_CODE = YES;
				CLANG_WARN__DUPLICATE_METHOD_MATCH = YES;
				COPY_PHASE_STRIP = NO;
				DEBUG_INFORMATION_FORMAT = "dwarf-with-dsym";
				ENABLE_NS_ASSERTIONS = NO;
				ENABLE_STRICT_OBJC_MSGSEND = YES;
				GCC_C_LANGUAGE_STANDARD = gnu11;
				GCC_NO_COMMON_BLOCKS = YES;
				GCC_WARN_64_TO_32_BIT_CONVERSION = YES;
				GCC_WARN_ABOUT_RETURN_TYPE = YES_ERROR;
				GCC_WARN_UNDECLARED_SELECTOR = YES;
				GCC_WARN_UNINITIALIZED_AUTOS = YES_AGGRESSIVE;
				GCC_WARN_UNUSED_FUNCTION = YES;
				GCC_WARN_UNUSED_VARIABLE = YES;
				IPHONEOS_DEPLOYMENT_TARGET = 16.2;
				MTL_ENABLE_DEBUG_INFO = NO;
				MTL_FAST_MATH = YES;
				SDKROOT = iphoneos;
				SWIFT_COMPILATION_MODE = wholemodule;
				SWIFT_OPTIMIZATION_LEVEL = "-O";
				VALIDATE_PRODUCT = YES;
			};
			name = Release;
		};
		F712A854296D92A800C907BC /* Debug */ = {
			isa = XCBuildConfiguration;
			buildSettings = {
				ASSETCATALOG_COMPILER_APPICON_NAME = AppIcon;
				ASSETCATALOG_COMPILER_GLOBAL_ACCENT_COLOR_NAME = AccentColor;
				CODE_SIGN_STYLE = Automatic;
				CURRENT_PROJECT_VERSION = 1;
				DEVELOPMENT_TEAM = 5XHXPK88Y9;
				GENERATE_INFOPLIST_FILE = YES;
				INFOPLIST_FILE = "Animal Game/Supporting Files/Info.plist";
				INFOPLIST_KEY_UIApplicationSupportsIndirectInputEvents = YES;
				INFOPLIST_KEY_UILaunchStoryboardName = LaunchScreen;
				INFOPLIST_KEY_UIMainStoryboardFile = Main;
				INFOPLIST_KEY_UISupportedInterfaceOrientations_iPad = "UIInterfaceOrientationPortrait UIInterfaceOrientationPortraitUpsideDown UIInterfaceOrientationLandscapeLeft UIInterfaceOrientationLandscapeRight";
				INFOPLIST_KEY_UISupportedInterfaceOrientations_iPhone = "UIInterfaceOrientationPortrait UIInterfaceOrientationLandscapeLeft UIInterfaceOrientationLandscapeRight";
				IPHONEOS_DEPLOYMENT_TARGET = 14.0;
				LD_RUNPATH_SEARCH_PATHS = (
					"$(inherited)",
					"@executable_path/Frameworks",
				);
				MARKETING_VERSION = 1.0;
				PRODUCT_BUNDLE_IDENTIFIER = "com.lin.Animal-game";
				PRODUCT_NAME = "$(TARGET_NAME)";
				SWIFT_EMIT_LOC_STRINGS = YES;
				SWIFT_VERSION = 5.0;
				TARGETED_DEVICE_FAMILY = "1,2";
			};
			name = Debug;
		};
		F712A855296D92A800C907BC /* Release */ = {
			isa = XCBuildConfiguration;
			buildSettings = {
				ASSETCATALOG_COMPILER_APPICON_NAME = AppIcon;
				ASSETCATALOG_COMPILER_GLOBAL_ACCENT_COLOR_NAME = AccentColor;
				CODE_SIGN_STYLE = Automatic;
				CURRENT_PROJECT_VERSION = 1;
				DEVELOPMENT_TEAM = 5XHXPK88Y9;
				GENERATE_INFOPLIST_FILE = YES;
				INFOPLIST_FILE = "Animal Game/Supporting Files/Info.plist";
				INFOPLIST_KEY_UIApplicationSupportsIndirectInputEvents = YES;
				INFOPLIST_KEY_UILaunchStoryboardName = LaunchScreen;
				INFOPLIST_KEY_UIMainStoryboardFile = Main;
				INFOPLIST_KEY_UISupportedInterfaceOrientations_iPad = "UIInterfaceOrientationPortrait UIInterfaceOrientationPortraitUpsideDown UIInterfaceOrientationLandscapeLeft UIInterfaceOrientationLandscapeRight";
				INFOPLIST_KEY_UISupportedInterfaceOrientations_iPhone = "UIInterfaceOrientationPortrait UIInterfaceOrientationLandscapeLeft UIInterfaceOrientationLandscapeRight";
				IPHONEOS_DEPLOYMENT_TARGET = 14.0;
				LD_RUNPATH_SEARCH_PATHS = (
					"$(inherited)",
					"@executable_path/Frameworks",
				);
				MARKETING_VERSION = 1.0;
				PRODUCT_BUNDLE_IDENTIFIER = "com.lin.Animal-game";
				PRODUCT_NAME = "$(TARGET_NAME)";
				SWIFT_EMIT_LOC_STRINGS = YES;
				SWIFT_VERSION = 5.0;
				TARGETED_DEVICE_FAMILY = "1,2";
			};
			name = Release;
		};
/* End XCBuildConfiguration section */

/* Begin XCConfigurationList section */
		F712A83A296D92A700C907BC /* Build configuration list for PBXProject "Animal game" */ = {
			isa = XCConfigurationList;
			buildConfigurations = (
				F712A851296D92A800C907BC /* Debug */,
				F712A852296D92A800C907BC /* Release */,
			);
			defaultConfigurationIsVisible = 0;
			defaultConfigurationName = Release;
		};
		F712A853296D92A800C907BC /* Build configuration list for PBXNativeTarget "Animal game" */ = {
			isa = XCConfigurationList;
			buildConfigurations = (
				F712A854296D92A800C907BC /* Debug */,
				F712A855296D92A800C907BC /* Release */,
			);
			defaultConfigurationIsVisible = 0;
			defaultConfigurationName = Release;
		};
/* End XCConfigurationList section */
	};
	rootObject = F712A837296D92A700C907BC /* Project object */;
}
